
Microsoft Visual Studio Solution File, Format Version 12.00
# Visual Studio Version 17
VisualStudioVersion = 17.3.32819.101
MinimumVisualStudioVersion = 10.0.40219.1
Project("{FAE04EC0-301F-11D3-BF4B-00C04F79EFBC}") = "Conta", "Conta\Conta.csproj", "{36F5DE63-BA88-48E2-9F69-E64B8F1A3B3C}"
EndProject
Project("{FAE04EC0-301F-11D3-BF4B-00C04F79EFBC}") = "Conta.Entities", "Conta.Entities\Conta.Entities.csproj", "{33A4894F-8BA8-4839-8AC0-F3C10318FD5B}"
EndProject
Global
	GlobalSection(SolutionConfigurationPlatforms) = preSolution
		Debug|Any CPU = Debug|Any CPU
		Release|Any CPU = Release|Any CPU
	EndGlobalSection
	GlobalSection(ProjectConfigurationPlatforms) = postSolution
		{36F5DE63-BA88-48E2-9F69-E64B8F1A3B3C}.Debug|Any CPU.ActiveCfg = Debug|Any CPU
		{36F5DE63-BA88-48E2-9F69-E64B8F1A3B3C}.Debug|Any CPU.Build.0 = Debug|Any CPU
		{36F5DE63-BA88-48E2-9F69-E64B8F1A3B3C}.Release|Any CPU.ActiveCfg = Release|Any CPU
		{36F5DE63-BA88-48E2-9F69-E64B8F1A3B3C}.Release|Any CPU.Build.0 = Release|Any CPU
		{33A4894F-8BA8-4839-8AC0-F3C10318FD5B}.Debug|Any CPU.ActiveCfg = Debug|Any CPU
		{33A4894F-8BA8-4839-8AC0-F3C10318FD5B}.Debug|Any CPU.Build.0 = Debug|Any CPU
		{33A4894F-8BA8-4839-8AC0-F3C10318FD5B}.Release|Any CPU.ActiveCfg = Release|Any CPU
		{33A4894F-8BA8-4839-8AC0-F3C10318FD5B}.Release|Any CPU.Build.0 = Release|Any CPU
	EndGlobalSection
	GlobalSection(SolutionProperties) = preSolution
		HideSolutionNode = FALSE
	EndGlobalSection
	GlobalSection(ExtensibilityGlobals) = postSolution
		SolutionGuid = {CBBB5250-6D5F-4602-BAD7-557AB18ADD7A}
	EndGlobalSection
EndGlobal
